
Microsoft Visual Studio Solution File, Format Version 12.00
# Visual Studio Version 17
VisualStudioVersion = 17.7.34202.233
MinimumVisualStudioVersion = 10.0.40219.1
Project("{FAE04EC0-301F-11D3-BF4B-00C04F79EFBC}") = "FinalNewItehaProject", "FinalNewItehaProject\FinalNewItehaProject.csproj", "{4BD58767-9B6E-4813-A790-631EEBD5F43F}"
EndProject
Global
	GlobalSection(SolutionConfigurationPlatforms) = preSolution
		Debug|Any CPU = Debug|Any CPU
		Release|Any CPU = Release|Any CPU
	EndGlobalSection
	GlobalSection(ProjectConfigurationPlatforms) = postSolution
		{4BD58767-9B6E-4813-A790-631EEBD5F43F}.Debug|Any CPU.ActiveCfg = Debug|Any CPU
		{4BD58767-9B6E-4813-A790-631EEBD5F43F}.Debug|Any CPU.Build.0 = Debug|Any CPU
		{4BD58767-9B6E-4813-A790-631EEBD5F43F}.Release|Any CPU.ActiveCfg = Release|Any CPU
		{4BD58767-9B6E-4813-A790-631EEBD5F43F}.Release|Any CPU.Build.0 = Release|Any CPU
	EndGlobalSection
	GlobalSection(SolutionProperties) = preSolution
		HideSolutionNode = FALSE
	EndGlobalSection
	GlobalSection(ExtensibilityGlobals) = postSolution
		SolutionGuid = {DDD4FDEC-C162-45EB-ABF8-F608E6F65033}
	EndGlobalSection
EndGlobal
